{
    "_readme": [
        "This file locks the dependencies of your project to a known state",
        "Read more about it at https://getcomposer.org/doc/01-basic-usage.md#installing-dependencies",
        "This file is @generated automatically"
    ],
    "content-hash": "9337961eb0487e00ff054135ea133d6b",
    "packages": [
        {
            "name": "justinrainbow/json-schema",
            "version": "5.2.12",
            "source": {
                "type": "git",
                "url": "https://github.com/justinrainbow/json-schema.git",
                "reference": "ad87d5a5ca981228e0e205c2bc7dfb8e24559b60"
            },
            "dist": {
                "type": "zip",
                "url": "https://api.github.com/repos/justinrainbow/json-schema/zipball/ad87d5a5ca981228e0e205c2bc7dfb8e24559b60",
                "reference": "ad87d5a5ca981228e0e205c2bc7dfb8e24559b60",
                "shasum": ""
            },
            "require": {
                "php": ">=5.3.3"
            },
            "require-dev": {
                "friendsofphp/php-cs-fixer": "~2.2.20||~2.15.1",
                "json-schema/json-schema-test-suite": "1.2.0",
                "phpunit/phpunit": "^4.8.35"
            },
            "bin": [
                "bin/validate-json"
            ],
            "type": "library",
            "extra": {
                "branch-alias": {
                    "dev-master": "5.0.x-dev"
                }
            },
            "autoload": {
                "psr-4": {
                    "JsonSchema\\": "src/JsonSchema/"
                }
            },
            "notification-url": "https://packagist.org/downloads/",
            "license": [
                "MIT"
            ],
            "authors": [
                {
                    "name": "Bruno Prieto Reis",
                    "email": "bruno.p.reis@gmail.com"
                },
                {
                    "name": "Justin Rainbow",
                    "email": "justin.rainbow@gmail.com"
                },
                {
                    "name": "Igor Wiedler",
                    "email": "igor@wiedler.ch"
                },
                {
                    "name": "Robert Schönthal",
                    "email": "seroscho@googlemail.com"
                }
            ],
            "description": "A library to validate a json schema.",
            "homepage": "https://github.com/justinrainbow/json-schema",
            "keywords": [
                "json",
                "schema"
            ],
            "support": {
                "issues": "https://github.com/justinrainbow/json-schema/issues",
                "source": "https://github.com/justinrainbow/json-schema/tree/5.2.12"
            },
            "time": "2022-04-13T08:02:27+00:00"
        },
        {
            "name": "nfephp-org/sped-common",
            "version": "v5.1.10",
            "source": {
                "type": "git",
                "url": "https://github.com/nfephp-org/sped-common.git",
                "reference": "c6ef66efdbbadd640fa5a4748848d481ec3ef26a"
            },
            "dist": {
                "type": "zip",
                "url": "https://api.github.com/repos/nfephp-org/sped-common/zipball/c6ef66efdbbadd640fa5a4748848d481ec3ef26a",
                "reference": "c6ef66efdbbadd640fa5a4748848d481ec3ef26a",
                "shasum": ""
            },
            "require": {
                "ext-curl": "*",
                "ext-dom": "*",
                "ext-mbstring": "*",
                "ext-openssl": "*",
                "ext-soap": "*",
                "php": ">= 7.4",
                "psr/log": "^1.0||^2.0||^3.0"
            },
            "require-dev": {
                "phpcompatibility/php-compatibility": "^9.3",
                "phpstan/phpstan": "^1.4",
                "phpunit/phpunit": "^9.3",
                "scrutinizer/ocular": "^1.8",
                "squizlabs/php_codesniffer": "^3.6"
            },
            "type": "library",
            "extra": {
                "branch-alias": {
                    "dev-v5.0": "5.0-dev"
                }
            },
            "autoload": {
                "psr-4": {
                    "NFePHP\\Common\\": "src/"
                }
            },
            "notification-url": "https://packagist.org/downloads/",
            "license": [
                "LGPL-3.0-or-later",
                "GPL-3.0-or-later",
                "MIT"
            ],
            "authors": [
                {
                    "name": "Roberto L. Machado",
                    "email": "linux.rlm@gmail.com.br",
                    "homepage": "http://www.nfephp.org",
                    "role": "Developer"
                },
                {
                    "name": "Gustavo Lidani",
                    "email": "lidanig0@gmail.com",
                    "homepage": "https://github.com/lidani",
                    "role": "Developer"
                },
                {
                    "name": "Comunidade NFePHP",
                    "homepage": "https://github.com/nfephp-org/sped-common/graphs/contributors"
                }
            ],
            "description": "sped-common é parte do projeto NFePHP.",
            "homepage": "https://github.com/nfephp-org/sped-common",
            "keywords": [
                "nfe",
                "nfephp",
                "sped"
            ],
            "support": {
                "issues": "https://github.com/nfephp-org/sped-common/issues",
                "source": "https://github.com/nfephp-org/sped-common/tree/v5.1.10"
            },
            "time": "2023-06-01T19:17:00+00:00"
        },
        {
            "name": "nfephp-org/sped-da",
            "version": "v1.1.5",
            "source": {
                "type": "git",
                "url": "https://github.com/nfephp-org/sped-da.git",
                "reference": "4cd345b216257bab0a1e4020d619317d4e1ad101"
            },
            "dist": {
                "type": "zip",
                "url": "https://api.github.com/repos/nfephp-org/sped-da/zipball/4cd345b216257bab0a1e4020d619317d4e1ad101",
                "reference": "4cd345b216257bab0a1e4020d619317d4e1ad101",
                "shasum": ""
            },
            "require": {
                "ext-dom": "*",
                "ext-gd": "*",
                "nfephp-org/sped-common": "^5.1.0",
                "php": ">= 7.4",
                "tecnickcom/tc-lib-barcode": "^1"
            },
            "require-dev": {
                "phpstan/phpstan": "^1.4",
                "phpunit/phpunit": "^9.3",
                "scrutinizer/ocular": "^1.8",
                "sebastian/phpcpd": "^6.0",
                "squizlabs/php_codesniffer": "^3.6"
            },
            "suggest": {
                "nfephp-org/posprint": "^0.1"
            },
            "type": "library",
            "extra": {
                "branch-alias": {
                    "dev-master": "0.3.x-dev"
                }
            },
            "autoload": {
                "psr-4": {
                    "NFePHP\\DA\\": "src/"
                }
            },
            "notification-url": "https://packagist.org/downloads/",
            "license": [
                "LGPL-3.0-or-later+",
                "GPL-3.0-or-later",
                "MIT"
            ],
            "authors": [
                {
                    "name": "Roberto L. Machado",
                    "email": "linux.rlm@gmail.com.br",
                    "homepage": "http://www.nfephp.org",
                    "role": "Developer"
                },
                {
                    "name": "Comunidade NFePHP",
                    "homepage": "https://github.com/nfephp-org/sped-da/graphs/contributors"
                }
            ],
            "description": "sped-da contêm as classes para criação dos documentos auxiliares referidos no projeto Sped.",
            "homepage": "https://github.com/nfephp-org/sped-da",
            "keywords": [
                "CCe",
                "Dacte",
                "Danfe",
                "nfe",
                "nfephp",
                "sped"
            ],
            "support": {
                "issues": "https://github.com/nfephp-org/sped-da/issues",
                "source": "https://github.com/nfephp-org/sped-da/tree/v1.1.5"
            },
            "time": "2022-12-27T12:04:57+00:00"
        },
        {
            "name": "nfephp-org/sped-gtin",
            "version": "v1.1.1",
            "source": {
                "type": "git",
                "url": "https://github.com/nfephp-org/sped-gtin.git",
                "reference": "759a902e1c01f4755b27eee4e9fa30153d6b29d3"
            },
            "dist": {
                "type": "zip",
                "url": "https://api.github.com/repos/nfephp-org/sped-gtin/zipball/759a902e1c01f4755b27eee4e9fa30153d6b29d3",
                "reference": "759a902e1c01f4755b27eee4e9fa30153d6b29d3",
                "shasum": ""
            },
            "require": {
                "ext-curl": "*",
                "ext-dom": "*",
                "ext-json": "*",
                "ext-libxml": "*",
                "ext-openssl": "*",
                "ext-simplexml": "*",
                "ext-soap": "*",
                "nfephp-org/sped-common": "^5.1.0",
                "php": ">= 7.4"
            },
            "require-dev": {
                "phpcompatibility/php-compatibility": "^9.3",
                "phpstan/phpstan": "^1.4",
                "phpunit/phpunit": "^9.3",
                "scrutinizer/ocular": "^1.8",
                "squizlabs/php_codesniffer": "dev-master"
            },
            "type": "library",
            "extra": {
                "branch-alias": {
                    "v1.0": "1.0-dev"
                }
            },
            "autoload": {
                "psr-4": {
                    "NFePHP\\Gtin\\": "src/"
                }
            },
            "notification-url": "https://packagist.org/downloads/",
            "license": [
                "LGPL-3.0-or-later",
                "GPL-3.0-or-later",
                "MIT"
            ],
            "authors": [
                {
                    "name": "Roberto L. Machado",
                    "email": "linux.rlm@gmail.com.br",
                    "homepage": "https://github.com/nfephp-org",
                    "role": "Developer"
                },
                {
                    "name": "Gustavo Lidani",
                    "email": "lidanig0@gmail.com",
                    "homepage": "https://github.com/lidani",
                    "role": "Developer"
                },
                {
                    "name": "Comunidade NFePHP",
                    "homepage": "https://github.com/nfephp-org/sped-gtin/graphs/contributors"
                }
            ],
            "description": "Classes for validation of GTIN codes.",
            "homepage": "https://github.com/nfephp-org/sped-gtin",
            "keywords": [
                "gtin",
                "nfce",
                "nfe",
                "nfephp",
                "sped"
            ],
            "support": {
                "issues": "https://github.com/nfephp-org/sped-gtin/issues",
                "source": "https://github.com/nfephp-org/sped-gtin/tree/v1.1.1"
            },
            "time": "2022-06-01T18:08:50+00:00"
        },
        {
            "name": "nfephp-org/sped-nfe",
            "version": "v5.1.12",
            "source": {
                "type": "git",
                "url": "https://github.com/nfephp-org/sped-nfe.git",
                "reference": "8b3e71f98c13fbc18f3142b3e4e2934968aff0ad"
            },
            "dist": {
                "type": "zip",
                "url": "https://api.github.com/repos/nfephp-org/sped-nfe/zipball/8b3e71f98c13fbc18f3142b3e4e2934968aff0ad",
                "reference": "8b3e71f98c13fbc18f3142b3e4e2934968aff0ad",
                "shasum": ""
            },
            "require": {
                "ext-dom": "*",
                "ext-json": "*",
                "ext-libxml": "*",
                "ext-openssl": "*",
                "ext-simplexml": "*",
                "ext-soap": "*",
                "ext-zlib": "*",
                "justinrainbow/json-schema": "^5.2",
                "nfephp-org/sped-common": "^5.1.0",
                "nfephp-org/sped-gtin": "^1.1.0",
                "php": ">= 7.4"
            },
            "require-dev": {
                "phpcompatibility/php-compatibility": "^9.3",
                "phpstan/phpstan": "^1.4",
                "phpunit/phpunit": "^9.3",
                "squizlabs/php_codesniffer": "^3.6"
            },
            "type": "library",
            "extra": {
                "branch-alias": {
                    "v5.0": "5.0-dev"
                }
            },
            "autoload": {
                "psr-4": {
                    "NFePHP\\NFe\\": "src/"
                }
            },
            "notification-url": "https://packagist.org/downloads/",
            "license": [
                "LGPL-3.0-or-later",
                "GPL-3.0-or-later",
                "MIT"
            ],
            "authors": [
                {
                    "name": "Roberto L. Machado",
                    "email": "linux.rlm@gmail.com.br",
                    "homepage": "https://www.nfephp.com.br/",
                    "role": "Developer"
                },
                {
                    "name": "Gustavo Lidani",
                    "email": "lidanig0@gmail.com",
                    "homepage": "https://github.com/lidani",
                    "role": "Developer"
                },
                {
                    "name": "Comunidade NFePHP",
                    "homepage": "https://github.com/nfephp-org/sped-nfe/graphs/contributors"
                }
            ],
            "description": "API para geração e comunicação da NFe e NFCe com as SEFAZ autorizadoras.",
            "homepage": "https://github.com/nfephp-org/sped-nfe",
            "keywords": [
                "nfce",
                "nfe",
                "nfephp",
                "sped"
            ],
            "support": {
                "issues": "https://github.com/nfephp-org/sped-nfe/issues",
                "source": "https://github.com/nfephp-org/sped-nfe/tree/v5.1.12"
            },
            "time": "2023-02-22T19:49:20+00:00"
        },
        {
            "name": "psr/log",
            "version": "1.1.4",
            "source": {
                "type": "git",
                "url": "https://github.com/php-fig/log.git",
                "reference": "d49695b909c3b7628b6289db5479a1c204601f11"
            },
            "dist": {
                "type": "zip",
                "url": "https://api.github.com/repos/php-fig/log/zipball/d49695b909c3b7628b6289db5479a1c204601f11",
                "reference": "d49695b909c3b7628b6289db5479a1c204601f11",
                "shasum": ""
            },
            "require": {
                "php": ">=5.3.0"
            },
            "type": "library",
            "extra": {
                "branch-alias": {
                    "dev-master": "1.1.x-dev"
                }
            },
            "autoload": {
                "psr-4": {
                    "Psr\\Log\\": "Psr/Log/"
                }
            },
            "notification-url": "https://packagist.org/downloads/",
            "license": [
                "MIT"
            ],
            "authors": [
                {
                    "name": "PHP-FIG",
                    "homepage": "https://www.php-fig.org/"
                }
            ],
            "description": "Common interface for logging libraries",
            "homepage": "https://github.com/php-fig/log",
            "keywords": [
                "log",
                "psr",
                "psr-3"
            ],
            "support": {
                "source": "https://github.com/php-fig/log/tree/1.1.4"
            },
            "time": "2021-05-03T11:20:27+00:00"
        },
        {
            "name": "tecnickcom/tc-lib-barcode",
            "version": "1.17.25",
            "source": {
                "type": "git",
                "url": "https://github.com/tecnickcom/tc-lib-barcode.git",
                "reference": "2b87f7c63dfd05000445a202c1779aeb9eb4549d"
            },
            "dist": {
                "type": "zip",
                "url": "https://api.github.com/repos/tecnickcom/tc-lib-barcode/zipball/2b87f7c63dfd05000445a202c1779aeb9eb4549d",
                "reference": "2b87f7c63dfd05000445a202c1779aeb9eb4549d",
                "shasum": ""
            },
            "require": {
                "ext-bcmath": "*",
                "ext-date": "*",
                "ext-gd": "*",
                "ext-pcre": "*",
                "php": ">=5.4",
                "tecnickcom/tc-lib-color": "^1.14"
            },
            "require-dev": {
                "pdepend/pdepend": "2.13.0",
                "phploc/phploc": "7.0.2 || 6.0.2 || 5.0.0 || 4.0.1 || 3.0.1 || 2.1.5",
                "phpmd/phpmd": "2.13.0",
                "phpunit/phpunit": "10.1.2 || 9.6.7 || 8.5.31 || 7.5.20 || 6.5.14 || 5.7.27 || 4.8.36",
                "sebastian/phpcpd": "6.0.3 || 5.0.2 || 4.1.0 || 3.0.1 || 2.0.4",
                "squizlabs/php_codesniffer": "3.7.2 || 2.9.2"
            },
            "type": "library",
            "autoload": {
                "psr-4": {
                    "Com\\Tecnick\\Barcode\\": "src"
                }
            },
            "notification-url": "https://packagist.org/downloads/",
            "license": [
                "LGPL-3.0"
            ],
            "authors": [
                {
                    "name": "Nicola Asuni",
                    "email": "info@tecnick.com",
                    "role": "lead"
                }
            ],
            "description": "PHP library to generate linear and bidimensional barcodes",
            "homepage": "http://www.tecnick.com",
            "keywords": [
                "3 of 9",
                "ANSI MH10.8M-1983",
                "CBC",
                "CODABAR",
                "CODE 11",
                "CODE 128 A B C",
                "CODE 39",
                "CODE 93",
                "EAN 13",
                "EAN 8",
                "ECC200",
                "Intelligent Mail Barcode",
                "Interleaved 2 of 5",
                "KIX",
                "Klant",
                "MSI",
                "Onecode",
                "PHARMACODE",
                "PHARMACODE TWO-TRACKS",
                "POSTNET",
                "RMS4CC",
                "Standard 2 of 5",
                "UPC-A",
                "UPC-E",
                "USD-3",
                "USPS-B-3200",
                "USS-93",
                "barcode",
                "datamatrix",
                "pdf417",
                "planet",
                "qr-code",
                "royal mail",
                "tc-lib-barcode",
                "upc"
            ],
            "support": {
                "issues": "https://github.com/tecnickcom/tc-lib-barcode/issues",
                "source": "https://github.com/tecnickcom/tc-lib-barcode/tree/1.17.25"
            },
            "funding": [
                {
                    "url": "https://www.paypal.com/cgi-bin/webscr?cmd=_donations&currency_code=GBP&business=paypal@tecnick.com&item_name=donation%20for%20tc-lib-barcode%20project",
                    "type": "custom"
                }
            ],
            "time": "2023-05-18T08:10:11+00:00"
        },
        {
            "name": "tecnickcom/tc-lib-color",
            "version": "1.14.24",
            "source": {
                "type": "git",
                "url": "https://github.com/tecnickcom/tc-lib-color.git",
                "reference": "6207533413f6edc3fea373d0e54041661d2bd905"
            },
            "dist": {
                "type": "zip",
                "url": "https://api.github.com/repos/tecnickcom/tc-lib-color/zipball/6207533413f6edc3fea373d0e54041661d2bd905",
                "reference": "6207533413f6edc3fea373d0e54041661d2bd905",
                "shasum": ""
            },
            "require": {
                "ext-pcre": "*",
                "php": ">=5.3"
            },
            "require-dev": {
                "pdepend/pdepend": "2.13.0",
                "phploc/phploc": "7.0.2 || 6.0.2 || 5.0.0 || 4.0.1 || 3.0.1 || 2.1.5",
                "phpmd/phpmd": "2.13.0",
                "phpunit/phpunit": "10.1.2 || 9.6.7 || 8.5.31 || 7.5.20 || 6.5.14 || 5.7.27 || 4.8.36",
                "sebastian/phpcpd": "6.0.3 || 5.0.2 || 4.1.0 || 3.0.1 || 2.0.4",
                "squizlabs/php_codesniffer": "3.7.2 || 2.9.2"
            },
            "type": "library",
            "autoload": {
                "psr-4": {
                    "Com\\Tecnick\\Color\\": "src"
                }
            },
            "notification-url": "https://packagist.org/downloads/",
            "license": [
                "LGPL-3.0"
            ],
            "authors": [
                {
                    "name": "Nicola Asuni",
                    "email": "info@tecnick.com",
                    "role": "lead"
                }
            ],
            "description": "PHP library to manipulate various color representations",
            "homepage": "http://www.tecnick.com",
            "keywords": [
                "cmyk",
                "color",
                "colors",
                "colour",
                "colours",
                "hsl",
                "hsla",
                "javascript",
                "rgb",
                "rgba",
                "tc-lib-color",
                "web"
            ],
            "support": {
                "issues": "https://github.com/tecnickcom/tc-lib-color/issues",
                "source": "https://github.com/tecnickcom/tc-lib-color/tree/1.14.24"
            },
            "funding": [
                {
                    "url": "https://www.paypal.com/cgi-bin/webscr?cmd=_donations&currency_code=GBP&business=paypal@tecnick.com&item_name=donation%20for%20tc-lib-color%20project",
                    "type": "custom"
                }
            ],
            "time": "2023-05-18T08:09:02+00:00"
        }
    ],
    "packages-dev": [],
    "aliases": [],
    "minimum-stability": "stable",
    "stability-flags": [],
    "prefer-stable": false,
    "prefer-lowest": false,
    "platform": [],
    "platform-dev": [],
    "plugin-api-version": "2.3.0"
}
